# THIS IS AN AUTOGENERATED FILE. DO NOT EDIT THIS FILE DIRECTLY.
# yarn lockfile v1


truffle-plugin-hello@^1.0.1:
  version "1.0.1"
  resolved "https://registry.yarnpkg.com/truffle-plugin-hello/-/truffle-plugin-hello-1.0.1.tgz#b71ec91062dcbe562cd29784802fff47bd9a19f6"
  integrity sha512-zIeMjQLhQ6pXr/RdCvW8qpI4iapTDpaLZS7BepLhjrRzBDtTrlHScUA9Ng6RglFBtQekbKEtAv664IvRLDDaRg==
